// !$*UTF8*$!
{
	archiveVersion = 1;
	classes = {
	};
	objectVersion = 55;
	objects = {

/* Begin PBXBuildFile section */
		2B0E55A528102EFB0083686D /* AccountViewModel.swift in Sources */ = {isa = PBXBuildFile; fileRef = 2B0E55A428102EFB0083686D /* AccountViewModel.swift */; };
		2B0E55A9281031330083686D /* MostRecentView.swift in Sources */ = {isa = PBXBuildFile; fileRef = 2B0E55A8281031330083686D /* MostRecentView.swift */; };
		2B0E55AB2810314C0083686D /* MostLikedView.swift in Sources */ = {isa = PBXBuildFile; fileRef = 2B0E55AA2810314C0083686D /* MostLikedView.swift */; };
		2B0E55AD281031580083686D /* PersonalView.swift in Sources */ = {isa = PBXBuildFile; fileRef = 2B0E55AC281031580083686D /* PersonalView.swift */; };
		2B0E55AF2810344D0083686D /* ExploreFlowStateProtocol.swift in Sources */ = {isa = PBXBuildFile; fileRef = 2B0E55AE2810344D0083686D /* ExploreFlowStateProtocol.swift */; };
		2B0E55B128105B820083686D /* ExploreFlowCoordinator.swift in Sources */ = {isa = PBXBuildFile; fileRef = 2B0E55B028105B820083686D /* ExploreFlowCoordinator.swift */; };
		2B0E55B328105BB90083686D /* RecentTabViewModel.swift in Sources */ = {isa = PBXBuildFile; fileRef = 2B0E55B228105BB90083686D /* RecentTabViewModel.swift */; };
		2B0E55B62810654C0083686D /* DetailPageView.swift in Sources */ = {isa = PBXBuildFile; fileRef = 2B0E55B52810654C0083686D /* DetailPageView.swift */; };
		2B0E55B8281066FA0083686D /* SettingsView.swift in Sources */ = {isa = PBXBuildFile; fileRef = 2B0E55B7281066FA0083686D /* SettingsView.swift */; };
		2B5B2ED5280DAB2200F186EA /* CoordinatorSwiftUIApp.swift in Sources */ = {isa = PBXBuildFile; fileRef = 2B5B2ED4280DAB2200F186EA /* CoordinatorSwiftUIApp.swift */; };
		2B5B2ED9280DAB2300F186EA /* Assets.xcassets in Resources */ = {isa = PBXBuildFile; fileRef = 2B5B2ED8280DAB2300F186EA /* Assets.xcassets */; };
		2B5B2EDC280DAB2300F186EA /* Preview Assets.xcassets in Resources */ = {isa = PBXBuildFile; fileRef = 2B5B2EDB280DAB2300F186EA /* Preview Assets.xcassets */; };
		2B5B2EE7280DB22500F186EA /* MainViewModel.swift in Sources */ = {isa = PBXBuildFile; fileRef = 2B5B2EE6280DB22500F186EA /* MainViewModel.swift */; };
		2B5B2EE9280DB23300F186EA /* ExploreViewModel.swift in Sources */ = {isa = PBXBuildFile; fileRef = 2B5B2EE8280DB23300F186EA /* ExploreViewModel.swift */; };
		2B5B2EF1280DB29800F186EA /* MainFlowStateProtocol.swift in Sources */ = {isa = PBXBuildFile; fileRef = 2B5B2EF0280DB29800F186EA /* MainFlowStateProtocol.swift */; };
		2B5B2EF5280DB2D400F186EA /* MainView.swift in Sources */ = {isa = PBXBuildFile; fileRef = 2B5B2EF4280DB2D400F186EA /* MainView.swift */; };
		2B5B2EFB280DB7AA00F186EA /* ExploreView.swift in Sources */ = {isa = PBXBuildFile; fileRef = 2B5B2EFA280DB7AA00F186EA /* ExploreView.swift */; };
		2B5B2EFF280DB99B00F186EA /* MainFlowCoordinator.swift in Sources */ = {isa = PBXBuildFile; fileRef = 2B5B2EFE280DB99B00F186EA /* MainFlowCoordinator.swift */; };
		2B5B2F01280DBA6800F186EA /* NavigationFlowStateProtocol.swift in Sources */ = {isa = PBXBuildFile; fileRef = 2B5B2F00280DBA6800F186EA /* NavigationFlowStateProtocol.swift */; };
		2B5B2F0B280DC0CA00F186EA /* AccountView.swift in Sources */ = {isa = PBXBuildFile; fileRef = 2B5B2F0A280DC0CA00F186EA /* AccountView.swift */; };
		2BB1448D2811A43F0080B16D /* ViewModelProtocol.swift in Sources */ = {isa = PBXBuildFile; fileRef = 2BB1448C2811A43F0080B16D /* ViewModelProtocol.swift */; };
		2BB144942811E52E0080B16D /* SettingsCoordinator.swift in Sources */ = {isa = PBXBuildFile; fileRef = 2BB144932811E52E0080B16D /* SettingsCoordinator.swift */; };
		2BB144962811E53A0080B16D /* SettingsViewModel.swift in Sources */ = {isa = PBXBuildFile; fileRef = 2BB144952811E53A0080B16D /* SettingsViewModel.swift */; };
		2BB144982811E5B80080B16D /* SettingsFlowStateProtocol.swift in Sources */ = {isa = PBXBuildFile; fileRef = 2BB144972811E5B80080B16D /* SettingsFlowStateProtocol.swift */; };
		2BB1449A2811E8FE0080B16D /* ViewModel.swift in Sources */ = {isa = PBXBuildFile; fileRef = 2BB144992811E8FE0080B16D /* ViewModel.swift */; };
/* End PBXBuildFile section */

/* Begin PBXFileReference section */
		2B0E55A428102EFB0083686D /* AccountViewModel.swift */ = {isa = PBXFileReference; lastKnownFileType = sourcecode.swift; path = AccountViewModel.swift; sourceTree = "<group>"; };
		2B0E55A8281031330083686D /* MostRecentView.swift */ = {isa = PBXFileReference; lastKnownFileType = sourcecode.swift; path = MostRecentView.swift; sourceTree = "<group>"; };
		2B0E55AA2810314C0083686D /* MostLikedView.swift */ = {isa = PBXFileReference; lastKnownFileType = sourcecode.swift; path = MostLikedView.swift; sourceTree = "<group>"; };
		2B0E55AC281031580083686D /* PersonalView.swift */ = {isa = PBXFileReference; lastKnownFileType = sourcecode.swift; path = PersonalView.swift; sourceTree = "<group>"; };
		2B0E55AE2810344D0083686D /* ExploreFlowStateProtocol.swift */ = {isa = PBXFileReference; lastKnownFileType = sourcecode.swift; path = ExploreFlowStateProtocol.swift; sourceTree = "<group>"; };
		2B0E55B028105B820083686D /* ExploreFlowCoordinator.swift */ = {isa = PBXFileReference; lastKnownFileType = sourcecode.swift; path = ExploreFlowCoordinator.swift; sourceTree = "<group>"; };
		2B0E55B228105BB90083686D /* RecentTabViewModel.swift */ = {isa = PBXFileReference; lastKnownFileType = sourcecode.swift; path = RecentTabViewModel.swift; sourceTree = "<group>"; };
		2B0E55B52810654C0083686D /* DetailPageView.swift */ = {isa = PBXFileReference; lastKnownFileType = sourcecode.swift; path = DetailPageView.swift; sourceTree = "<group>"; };
		2B0E55B7281066FA0083686D /* SettingsView.swift */ = {isa = PBXFileReference; lastKnownFileType = sourcecode.swift; path = SettingsView.swift; sourceTree = "<group>"; };
		2B5B2ED1280DAB2200F186EA /* CoordinatorSwiftUI.app */ = {isa = PBXFileReference; explicitFileType = wrapper.application; includeInIndex = 0; path = CoordinatorSwiftUI.app; sourceTree = BUILT_PRODUCTS_DIR; };
		2B5B2ED4280DAB2200F186EA /* CoordinatorSwiftUIApp.swift */ = {isa = PBXFileReference; lastKnownFileType = sourcecode.swift; path = CoordinatorSwiftUIApp.swift; sourceTree = "<group>"; };
		2B5B2ED8280DAB2300F186EA /* Assets.xcassets */ = {isa = PBXFileReference; lastKnownFileType = folder.assetcatalog; path = Assets.xcassets; sourceTree = "<group>"; };
		2B5B2EDB280DAB2300F186EA /* Preview Assets.xcassets */ = {isa = PBXFileReference; lastKnownFileType = folder.assetcatalog; path = "Preview Assets.xcassets"; sourceTree = "<group>"; };
		2B5B2EE6280DB22500F186EA /* MainViewModel.swift */ = {isa = PBXFileReference; lastKnownFileType = sourcecode.swift; path = MainViewModel.swift; sourceTree = "<group>"; };
		2B5B2EE8280DB23300F186EA /* ExploreViewModel.swift */ = {isa = PBXFileReference; lastKnownFileType = sourcecode.swift; path = ExploreViewModel.swift; sourceTree = "<group>"; };
		2B5B2EF0280DB29800F186EA /* MainFlowStateProtocol.swift */ = {isa = PBXFileReference; lastKnownFileType = sourcecode.swift; path = MainFlowStateProtocol.swift; sourceTree = "<group>"; };
		2B5B2EF4280DB2D400F186EA /* MainView.swift */ = {isa = PBXFileReference; lastKnownFileType = sourcecode.swift; path = MainView.swift; sourceTree = "<group>"; };
		2B5B2EFA280DB7AA00F186EA /* ExploreView.swift */ = {isa = PBXFileReference; lastKnownFileType = sourcecode.swift; path = ExploreView.swift; sourceTree = "<group>"; };
		2B5B2EFE280DB99B00F186EA /* MainFlowCoordinator.swift */ = {isa = PBXFileReference; lastKnownFileType = sourcecode.swift; path = MainFlowCoordinator.swift; sourceTree = "<group>"; };
		2B5B2F00280DBA6800F186EA /* NavigationFlowStateProtocol.swift */ = {isa = PBXFileReference; lastKnownFileType = sourcecode.swift; path = NavigationFlowStateProtocol.swift; sourceTree = "<group>"; };
		2B5B2F0A280DC0CA00F186EA /* AccountView.swift */ = {isa = PBXFileReference; lastKnownFileType = sourcecode.swift; path = AccountView.swift; sourceTree = "<group>"; };
		2BB1448C2811A43F0080B16D /* ViewModelProtocol.swift */ = {isa = PBXFileReference; lastKnownFileType = sourcecode.swift; path = ViewModelProtocol.swift; sourceTree = "<group>"; };
		2BB144932811E52E0080B16D /* SettingsCoordinator.swift */ = {isa = PBXFileReference; lastKnownFileType = sourcecode.swift; path = SettingsCoordinator.swift; sourceTree = "<group>"; };
		2BB144952811E53A0080B16D /* SettingsViewModel.swift */ = {isa = PBXFileReference; lastKnownFileType = sourcecode.swift; path = SettingsViewModel.swift; sourceTree = "<group>"; };
		2BB144972811E5B80080B16D /* SettingsFlowStateProtocol.swift */ = {isa = PBXFileReference; lastKnownFileType = sourcecode.swift; path = SettingsFlowStateProtocol.swift; sourceTree = "<group>"; };
		2BB144992811E8FE0080B16D /* ViewModel.swift */ = {isa = PBXFileReference; lastKnownFileType = sourcecode.swift; path = ViewModel.swift; sourceTree = "<group>"; };
/* End PBXFileReference section */

/* Begin PBXFrameworksBuildPhase section */
		2B5B2ECE280DAB2200F186EA /* Frameworks */ = {
			isa = PBXFrameworksBuildPhase;
			buildActionMask = 2147483647;
			files = (
			);
			runOnlyForDeploymentPostprocessing = 0;
		};
/* End PBXFrameworksBuildPhase section */

/* Begin PBXGroup section */
		2B0E55A6281031200083686D /* ExploreTabs */ = {
			isa = PBXGroup;
			children = (
				2B0E55A8281031330083686D /* MostRecentView.swift */,
				2B0E55B228105BB90083686D /* RecentTabViewModel.swift */,
				2B0E55AA2810314C0083686D /* MostLikedView.swift */,
				2B0E55AC281031580083686D /* PersonalView.swift */,
			);
			path = ExploreTabs;
			sourceTree = "<group>";
		};
		2B5B2EC8280DAB2200F186EA = {
			isa = PBXGroup;
			children = (
				2B5B2ED3280DAB2200F186EA /* CoordinatorSwiftUI */,
				2B5B2ED2280DAB2200F186EA /* Products */,
			);
			sourceTree = "<group>";
		};
		2B5B2ED2280DAB2200F186EA /* Products */ = {
			isa = PBXGroup;
			children = (
				2B5B2ED1280DAB2200F186EA /* CoordinatorSwiftUI.app */,
			);
			name = Products;
			sourceTree = "<group>";
		};
		2B5B2ED3280DAB2200F186EA /* CoordinatorSwiftUI */ = {
			isa = PBXGroup;
			children = (
				2BB144882811A4160080B16D /* Shared */,
				2BB144892811A41F0080B16D /* Features */,
				2B5B2ED4280DAB2200F186EA /* CoordinatorSwiftUIApp.swift */,
				2B5B2ED8280DAB2300F186EA /* Assets.xcassets */,
				2B5B2EDA280DAB2300F186EA /* Preview Content */,
			);
			path = CoordinatorSwiftUI;
			sourceTree = "<group>";
		};
		2B5B2EDA280DAB2300F186EA /* Preview Content */ = {
			isa = PBXGroup;
			children = (
				2B5B2EDB280DAB2300F186EA /* Preview Assets.xcassets */,
			);
			path = "Preview Content";
			sourceTree = "<group>";
		};
		2BB144882811A4160080B16D /* Shared */ = {
			isa = PBXGroup;
			children = (
				2BB1448A2811A4280080B16D /* Infrastructure */,
			);
			path = Shared;
			sourceTree = "<group>";
		};
		2BB144892811A41F0080B16D /* Features */ = {
			isa = PBXGroup;
			children = (
				2BB144922811A4EF0080B16D /* Detail */,
				2BB144912811A47E0080B16D /* Account */,
				2BB144902811A4720080B16D /* Settings */,
				2BB1448F2811A46B0080B16D /* Explore */,
				2BB1448E2811A4650080B16D /* Main */,
			);
			path = Features;
			sourceTree = "<group>";
		};
		2BB1448A2811A4280080B16D /* Infrastructure */ = {
			isa = PBXGroup;
			children = (
				2BB1448B2811A4340080B16D /* Navigation */,
				2BB1448C2811A43F0080B16D /* ViewModelProtocol.swift */,
			);
			path = Infrastructure;
			sourceTree = "<group>";
		};
		2BB1448B2811A4340080B16D /* Navigation */ = {
			isa = PBXGroup;
			children = (
				2B5B2F00280DBA6800F186EA /* NavigationFlowStateProtocol.swift */,
			);
			path = Navigation;
			sourceTree = "<group>";
		};
		2BB1448E2811A4650080B16D /* Main */ = {
			isa = PBXGroup;
			children = (
				2B5B2EFE280DB99B00F186EA /* MainFlowCoordinator.swift */,
				2B5B2EF0280DB29800F186EA /* MainFlowStateProtocol.swift */,
				2B5B2EF4280DB2D400F186EA /* MainView.swift */,
				2B5B2EE6280DB22500F186EA /* MainViewModel.swift */,
			);
			path = Main;
			sourceTree = "<group>";
		};
		2BB1448F2811A46B0080B16D /* Explore */ = {
			isa = PBXGroup;
			children = (
				2B0E55A6281031200083686D /* ExploreTabs */,
				2B0E55AE2810344D0083686D /* ExploreFlowStateProtocol.swift */,
				2B0E55B028105B820083686D /* ExploreFlowCoordinator.swift */,
				2B5B2EFA280DB7AA00F186EA /* ExploreView.swift */,
				2B5B2EE8280DB23300F186EA /* ExploreViewModel.swift */,
			);
			path = Explore;
			sourceTree = "<group>";
		};
		2BB144902811A4720080B16D /* Settings */ = {
			isa = PBXGroup;
			children = (
				2B0E55B7281066FA0083686D /* SettingsView.swift */,
				2BB144932811E52E0080B16D /* SettingsCoordinator.swift */,
				2BB144952811E53A0080B16D /* SettingsViewModel.swift */,
				2BB144972811E5B80080B16D /* SettingsFlowStateProtocol.swift */,
			);
			path = Settings;
			sourceTree = "<group>";
		};
		2BB144912811A47E0080B16D /* Account */ = {
			isa = PBXGroup;
			children = (
				2B5B2F0A280DC0CA00F186EA /* AccountView.swift */,
				2B0E55A428102EFB0083686D /* AccountViewModel.swift */,
			);
			path = Account;
			sourceTree = "<group>";
		};
		2BB144922811A4EF0080B16D /* Detail */ = {
			isa = PBXGroup;
			children = (
				2B0E55B52810654C0083686D /* DetailPageView.swift */,
				2BB144992811E8FE0080B16D /* ViewModel.swift */,
			);
			path = Detail;
			sourceTree = "<group>";
		};
/* End PBXGroup section */

/* Begin PBXNativeTarget section */
		2B5B2ED0280DAB2200F186EA /* CoordinatorSwiftUI */ = {
			isa = PBXNativeTarget;
			buildConfigurationList = 2B5B2EDF280DAB2300F186EA /* Build configuration list for PBXNativeTarget "CoordinatorSwiftUI" */;
			buildPhases = (
				2B5B2ECD280DAB2200F186EA /* Sources */,
				2B5B2ECE280DAB2200F186EA /* Frameworks */,
				2B5B2ECF280DAB2200F186EA /* Resources */,
			);
			buildRules = (
			);
			dependencies = (
			);
			name = CoordinatorSwiftUI;
			productName = CoordinatorSwiftUI;
			productReference = 2B5B2ED1280DAB2200F186EA /* CoordinatorSwiftUI.app */;
			productType = "com.apple.product-type.application";
		};
/* End PBXNativeTarget section */

/* Begin PBXProject section */
		2B5B2EC9280DAB2200F186EA /* Project object */ = {
			isa = PBXProject;
			attributes = {
				BuildIndependentTargetsInParallel = 1;
				LastSwiftUpdateCheck = 1330;
				LastUpgradeCheck = 1330;
				TargetAttributes = {
					2B5B2ED0280DAB2200F186EA = {
						CreatedOnToolsVersion = 13.3.1;
					};
				};
			};
			buildConfigurationList = 2B5B2ECC280DAB2200F186EA /* Build configuration list for PBXProject "CoordinatorSwiftUI" */;
			compatibilityVersion = "Xcode 13.0";
			developmentRegion = en;
			hasScannedForEncodings = 0;
			knownRegions = (
				en,
				Base,
			);
			mainGroup = 2B5B2EC8280DAB2200F186EA;
			productRefGroup = 2B5B2ED2280DAB2200F186EA /* Products */;
			projectDirPath = "";
			projectRoot = "";
			targets = (
				2B5B2ED0280DAB2200F186EA /* CoordinatorSwiftUI */,
			);
		};
/* End PBXProject section */

/* Begin PBXResourcesBuildPhase section */
		2B5B2ECF280DAB2200F186EA /* Resources */ = {
			isa = PBXResourcesBuildPhase;
			buildActionMask = 2147483647;
			files = (
				2B5B2EDC280DAB2300F186EA /* Preview Assets.xcassets in Resources */,
				2B5B2ED9280DAB2300F186EA /* Assets.xcassets in Resources */,
			);
			runOnlyForDeploymentPostprocessing = 0;
		};
/* End PBXResourcesBuildPhase section */

/* Begin PBXSourcesBuildPhase section */
		2B5B2ECD280DAB2200F186EA /* Sources */ = {
			isa = PBXSourcesBuildPhase;
			buildActionMask = 2147483647;
			files = (
				2B5B2EF5280DB2D400F186EA /* MainView.swift in Sources */,
				2B5B2F0B280DC0CA00F186EA /* AccountView.swift in Sources */,
				2B0E55B328105BB90083686D /* RecentTabViewModel.swift in Sources */,
				2B0E55B128105B820083686D /* ExploreFlowCoordinator.swift in Sources */,
				2B5B2EE9280DB23300F186EA /* ExploreViewModel.swift in Sources */,
				2BB1449A2811E8FE0080B16D /* ViewModel.swift in Sources */,
				2BB144942811E52E0080B16D /* SettingsCoordinator.swift in Sources */,
				2B5B2EE7280DB22500F186EA /* MainViewModel.swift in Sources */,
				2B5B2EFB280DB7AA00F186EA /* ExploreView.swift in Sources */,
				2BB144982811E5B80080B16D /* SettingsFlowStateProtocol.swift in Sources */,
				2B0E55AB2810314C0083686D /* MostLikedView.swift in Sources */,
				2B0E55AF2810344D0083686D /* ExploreFlowStateProtocol.swift in Sources */,
				2B0E55A528102EFB0083686D /* AccountViewModel.swift in Sources */,
				2B0E55A9281031330083686D /* MostRecentView.swift in Sources */,
				2B0E55AD281031580083686D /* PersonalView.swift in Sources */,
				2B0E55B62810654C0083686D /* DetailPageView.swift in Sources */,
				2B5B2EFF280DB99B00F186EA /* MainFlowCoordinator.swift in Sources */,
				2B5B2F01280DBA6800F186EA /* NavigationFlowStateProtocol.swift in Sources */,
				2BB1448D2811A43F0080B16D /* ViewModelProtocol.swift in Sources */,
				2B5B2ED5280DAB2200F186EA /* CoordinatorSwiftUIApp.swift in Sources */,
				2B5B2EF1280DB29800F186EA /* MainFlowStateProtocol.swift in Sources */,
				2B0E55B8281066FA0083686D /* SettingsView.swift in Sources */,
				2BB144962811E53A0080B16D /* SettingsViewModel.swift in Sources */,
			);
			runOnlyForDeploymentPostprocessing = 0;
		};
/* End PBXSourcesBuildPhase section */

/* Begin XCBuildConfiguration section */
		2B5B2EDD280DAB2300F186EA /* Debug */ = {
			isa = XCBuildConfiguration;
			buildSettings = {
				ALWAYS_SEARCH_USER_PATHS = NO;
				CLANG_ANALYZER_NONNULL = YES;
				CLANG_ANALYZER_NUMBER_OBJECT_CONVERSION = YES_AGGRESSIVE;
				CLANG_CXX_LANGUAGE_STANDARD = "gnu++17";
				CLANG_ENABLE_MODULES = YES;
				CLANG_ENABLE_OBJC_ARC = YES;
				CLANG_ENABLE_OBJC_WEAK = YES;
				CLANG_WARN_BLOCK_CAPTURE_AUTORELEASING = YES;
				CLANG_WARN_BOOL_CONVERSION = YES;
				CLANG_WARN_COMMA = YES;
				CLANG_WARN_CONSTANT_CONVERSION = YES;
				CLANG_WARN_DEPRECATED_OBJC_IMPLEMENTATIONS = YES;
				CLANG_WARN_DIRECT_OBJC_ISA_USAGE = YES_ERROR;
				CLANG_WARN_DOCUMENTATION_COMMENTS = YES;
				CLANG_WARN_EMPTY_BODY = YES;
				CLANG_WARN_ENUM_CONVERSION = YES;
				CLANG_WARN_INFINITE_RECURSION = YES;
				CLANG_WARN_INT_CONVERSION = YES;
				CLANG_WARN_NON_LITERAL_NULL_CONVERSION = YES;
				CLANG_WARN_OBJC_IMPLICIT_RETAIN_SELF = YES;
				CLANG_WARN_OBJC_LITERAL_CONVERSION = YES;
				CLANG_WARN_OBJC_ROOT_CLASS = YES_ERROR;
				CLANG_WARN_QUOTED_INCLUDE_IN_FRAMEWORK_HEADER = YES;
				CLANG_WARN_RANGE_LOOP_ANALYSIS = YES;
				CLANG_WARN_STRICT_PROTOTYPES = YES;
				CLANG_WARN_SUSPICIOUS_MOVE = YES;
				CLANG_WARN_UNGUARDED_AVAILABILITY = YES_AGGRESSIVE;
				CLANG_WARN_UNREACHABLE_CODE = YES;
				CLANG_WARN__DUPLICATE_METHOD_MATCH = YES;
				COPY_PHASE_STRIP = NO;
				DEBUG_INFORMATION_FORMAT = dwarf;
				ENABLE_STRICT_OBJC_MSGSEND = YES;
				ENABLE_TESTABILITY = YES;
				GCC_C_LANGUAGE_STANDARD = gnu11;
				GCC_DYNAMIC_NO_PIC = NO;
				GCC_NO_COMMON_BLOCKS = YES;
				GCC_OPTIMIZATION_LEVEL = 0;
				GCC_PREPROCESSOR_DEFINITIONS = (
					"DEBUG=1",
					"$(inherited)",
				);
				GCC_WARN_64_TO_32_BIT_CONVERSION = YES;
				GCC_WARN_ABOUT_RETURN_TYPE = YES_ERROR;
				GCC_WARN_UNDECLARED_SELECTOR = YES;
				GCC_WARN_UNINITIALIZED_AUTOS = YES_AGGRESSIVE;
				GCC_WARN_UNUSED_FUNCTION = YES;
				GCC_WARN_UNUSED_VARIABLE = YES;
				IPHONEOS_DEPLOYMENT_TARGET = 14.0;
				MTL_ENABLE_DEBUG_INFO = INCLUDE_SOURCE;
				MTL_FAST_MATH = YES;
				ONLY_ACTIVE_ARCH = YES;
				SDKROOT = iphoneos;
				SWIFT_ACTIVE_COMPILATION_CONDITIONS = DEBUG;
				SWIFT_OPTIMIZATION_LEVEL = "-Onone";
			};
			name = Debug;
		};
		2B5B2EDE280DAB2300F186EA /* Release */ = {
			isa = XCBuildConfiguration;
			buildSettings = {
				ALWAYS_SEARCH_USER_PATHS = NO;
				CLANG_ANALYZER_NONNULL = YES;
				CLANG_ANALYZER_NUMBER_OBJECT_CONVERSION = YES_AGGRESSIVE;
				CLANG_CXX_LANGUAGE_STANDARD = "gnu++17";
				CLANG_ENABLE_MODULES = YES;
				CLANG_ENABLE_OBJC_ARC = YES;
				CLANG_ENABLE_OBJC_WEAK = YES;
				CLANG_WARN_BLOCK_CAPTURE_AUTORELEASING = YES;
				CLANG_WARN_BOOL_CONVERSION = YES;
				CLANG_WARN_COMMA = YES;
				CLANG_WARN_CONSTANT_CONVERSION = YES;
				CLANG_WARN_DEPRECATED_OBJC_IMPLEMENTATIONS = YES;
				CLANG_WARN_DIRECT_OBJC_ISA_USAGE = YES_ERROR;
				CLANG_WARN_DOCUMENTATION_COMMENTS = YES;
				CLANG_WARN_EMPTY_BODY = YES;
				CLANG_WARN_ENUM_CONVERSION = YES;
				CLANG_WARN_INFINITE_RECURSION = YES;
				CLANG_WARN_INT_CONVERSION = YES;
				CLANG_WARN_NON_LITERAL_NULL_CONVERSION = YES;
				CLANG_WARN_OBJC_IMPLICIT_RETAIN_SELF = YES;
				CLANG_WARN_OBJC_LITERAL_CONVERSION = YES;
				CLANG_WARN_OBJC_ROOT_CLASS = YES_ERROR;
				CLANG_WARN_QUOTED_INCLUDE_IN_FRAMEWORK_HEADER = YES;
				CLANG_WARN_RANGE_LOOP_ANALYSIS = YES;
				CLANG_WARN_STRICT_PROTOTYPES = YES;
				CLANG_WARN_SUSPICIOUS_MOVE = YES;
				CLANG_WARN_UNGUARDED_AVAILABILITY = YES_AGGRESSIVE;
				CLANG_WARN_UNREACHABLE_CODE = YES;
				CLANG_WARN__DUPLICATE_METHOD_MATCH = YES;
				COPY_PHASE_STRIP = NO;
				DEBUG_INFORMATION_FORMAT = "dwarf-with-dsym";
				ENABLE_NS_ASSERTIONS = NO;
				ENABLE_STRICT_OBJC_MSGSEND = YES;
				GCC_C_LANGUAGE_STANDARD = gnu11;
				GCC_NO_COMMON_BLOCKS = YES;
				GCC_WARN_64_TO_32_BIT_CONVERSION = YES;
				GCC_WARN_ABOUT_RETURN_TYPE = YES_ERROR;
				GCC_WARN_UNDECLARED_SELECTOR = YES;
				GCC_WARN_UNINITIALIZED_AUTOS = YES_AGGRESSIVE;
				GCC_WARN_UNUSED_FUNCTION = YES;
				GCC_WARN_UNUSED_VARIABLE = YES;
				IPHONEOS_DEPLOYMENT_TARGET = 14.0;
				MTL_ENABLE_DEBUG_INFO = NO;
				MTL_FAST_MATH = YES;
				SDKROOT = iphoneos;
				SWIFT_COMPILATION_MODE = wholemodule;
				SWIFT_OPTIMIZATION_LEVEL = "-O";
				VALIDATE_PRODUCT = YES;
			};
			name = Release;
		};
		2B5B2EE0280DAB2300F186EA /* Debug */ = {
			isa = XCBuildConfiguration;
			buildSettings = {
				ASSETCATALOG_COMPILER_APPICON_NAME = AppIcon;
				ASSETCATALOG_COMPILER_GLOBAL_ACCENT_COLOR_NAME = AccentColor;
				CODE_SIGN_STYLE = Automatic;
				CURRENT_PROJECT_VERSION = 1;
				DEVELOPMENT_ASSET_PATHS = "\"CoordinatorSwiftUI/Preview Content\"";
				DEVELOPMENT_TEAM = 9K2U2E58HB;
				ENABLE_PREVIEWS = YES;
				GENERATE_INFOPLIST_FILE = YES;
				INFOPLIST_KEY_UIApplicationSceneManifest_Generation = YES;
				INFOPLIST_KEY_UIApplicationSupportsIndirectInputEvents = YES;
				INFOPLIST_KEY_UILaunchScreen_Generation = YES;
				INFOPLIST_KEY_UISupportedInterfaceOrientations_iPad = "UIInterfaceOrientationPortrait UIInterfaceOrientationPortraitUpsideDown UIInterfaceOrientationLandscapeLeft UIInterfaceOrientationLandscapeRight";
				INFOPLIST_KEY_UISupportedInterfaceOrientations_iPhone = "UIInterfaceOrientationPortrait UIInterfaceOrientationLandscapeLeft UIInterfaceOrientationLandscapeRight";
				LD_RUNPATH_SEARCH_PATHS = (
					"$(inherited)",
					"@executable_path/Frameworks",
				);
				MARKETING_VERSION = 1.0;
				PRODUCT_BUNDLE_IDENTIFIER = com.swiftui.ppsy.CoordinatorSwiftUI;
				PRODUCT_NAME = "$(TARGET_NAME)";
				SWIFT_EMIT_LOC_STRINGS = YES;
				SWIFT_VERSION = 5.0;
				TARGETED_DEVICE_FAMILY = "1,2";
			};
			name = Debug;
		};
		2B5B2EE1280DAB2300F186EA /* Release */ = {
			isa = XCBuildConfiguration;
			buildSettings = {
				ASSETCATALOG_COMPILER_APPICON_NAME = AppIcon;
				ASSETCATALOG_COMPILER_GLOBAL_ACCENT_COLOR_NAME = AccentColor;
				CODE_SIGN_STYLE = Automatic;
				CURRENT_PROJECT_VERSION = 1;
				DEVELOPMENT_ASSET_PATHS = "\"CoordinatorSwiftUI/Preview Content\"";
				DEVELOPMENT_TEAM = 9K2U2E58HB;
				ENABLE_PREVIEWS = YES;
				GENERATE_INFOPLIST_FILE = YES;
				INFOPLIST_KEY_UIApplicationSceneManifest_Generation = YES;
				INFOPLIST_KEY_UIApplicationSupportsIndirectInputEvents = YES;
				INFOPLIST_KEY_UILaunchScreen_Generation = YES;
				INFOPLIST_KEY_UISupportedInterfaceOrientations_iPad = "UIInterfaceOrientationPortrait UIInterfaceOrientationPortraitUpsideDown UIInterfaceOrientationLandscapeLeft UIInterfaceOrientationLandscapeRight";
				INFOPLIST_KEY_UISupportedInterfaceOrientations_iPhone = "UIInterfaceOrientationPortrait UIInterfaceOrientationLandscapeLeft UIInterfaceOrientationLandscapeRight";
				LD_RUNPATH_SEARCH_PATHS = (
					"$(inherited)",
					"@executable_path/Frameworks",
				);
				MARKETING_VERSION = 1.0;
				PRODUCT_BUNDLE_IDENTIFIER = com.swiftui.ppsy.CoordinatorSwiftUI;
				PRODUCT_NAME = "$(TARGET_NAME)";
				SWIFT_EMIT_LOC_STRINGS = YES;
				SWIFT_VERSION = 5.0;
				TARGETED_DEVICE_FAMILY = "1,2";
			};
			name = Release;
		};
/* End XCBuildConfiguration section */

/* Begin XCConfigurationList section */
		2B5B2ECC280DAB2200F186EA /* Build configuration list for PBXProject "CoordinatorSwiftUI" */ = {
			isa = XCConfigurationList;
			buildConfigurations = (
				2B5B2EDD280DAB2300F186EA /* Debug */,
				2B5B2EDE280DAB2300F186EA /* Release */,
			);
			defaultConfigurationIsVisible = 0;
			defaultConfigurationName = Release;
		};
		2B5B2EDF280DAB2300F186EA /* Build configuration list for PBXNativeTarget "CoordinatorSwiftUI" */ = {
			isa = XCConfigurationList;
			buildConfigurations = (
				2B5B2EE0280DAB2300F186EA /* Debug */,
				2B5B2EE1280DAB2300F186EA /* Release */,
			);
			defaultConfigurationIsVisible = 0;
			defaultConfigurationName = Release;
		};
/* End XCConfigurationList section */
	};
	rootObject = 2B5B2EC9280DAB2200F186EA /* Project object */;
}
